
Microsoft Visual Studio Solution File, Format Version 12.00
# Visual Studio Version 16
VisualStudioVersion = 16.0.31402.337
MinimumVisualStudioVersion = 10.0.40219.1
Project("{FAE04EC0-301F-11D3-BF4B-00C04F79EFBC}") = "QuizRandom.Android", "QuizRandom\QuizRandom.Android\QuizRandom.Android.csproj", "{27E1CB93-33E4-4E4A-AD07-97EDE0668DB8}"
EndProject
Project("{9A19103F-16F7-4668-BE54-9A1E7A4F7556}") = "QuizRandom", "QuizRandom\QuizRandom\QuizRandom.csproj", "{42E818BF-3461-4D59-AD55-7C137552E435}"
EndProject
Global
	GlobalSection(SolutionConfigurationPlatforms) = preSolution
		Debug|Any CPU = Debug|Any CPU
		Debug|iPhone = Debug|iPhone
		Debug|iPhoneSimulator = Debug|iPhoneSimulator
		Release|Any CPU = Release|Any CPU
		Release|iPhone = Release|iPhone
		Release|iPhoneSimulator = Release|iPhoneSimulator
	EndGlobalSection
	GlobalSection(ProjectConfigurationPlatforms) = postSolution
		{27E1CB93-33E4-4E4A-AD07-97EDE0668DB8}.Debug|Any CPU.ActiveCfg = Debug|Any CPU
		{27E1CB93-33E4-4E4A-AD07-97EDE0668DB8}.Debug|Any CPU.Build.0 = Debug|Any CPU
		{27E1CB93-33E4-4E4A-AD07-97EDE0668DB8}.Debug|Any CPU.Deploy.0 = Debug|Any CPU
		{27E1CB93-33E4-4E4A-AD07-97EDE0668DB8}.Debug|iPhone.ActiveCfg = Debug|Any CPU
		{27E1CB93-33E4-4E4A-AD07-97EDE0668DB8}.Debug|iPhone.Build.0 = Debug|Any CPU
		{27E1CB93-33E4-4E4A-AD07-97EDE0668DB8}.Debug|iPhone.Deploy.0 = Debug|Any CPU
		{27E1CB93-33E4-4E4A-AD07-97EDE0668DB8}.Debug|iPhoneSimulator.ActiveCfg = Debug|Any CPU
		{27E1CB93-33E4-4E4A-AD07-97EDE0668DB8}.Debug|iPhoneSimulator.Build.0 = Debug|Any CPU
		{27E1CB93-33E4-4E4A-AD07-97EDE0668DB8}.Debug|iPhoneSimulator.Deploy.0 = Debug|Any CPU
		{27E1CB93-33E4-4E4A-AD07-97EDE0668DB8}.Release|Any CPU.ActiveCfg = Release|Any CPU
		{27E1CB93-33E4-4E4A-AD07-97EDE0668DB8}.Release|Any CPU.Build.0 = Release|Any CPU
		{27E1CB93-33E4-4E4A-AD07-97EDE0668DB8}.Release|Any CPU.Deploy.0 = Release|Any CPU
		{27E1CB93-33E4-4E4A-AD07-97EDE0668DB8}.Release|iPhone.ActiveCfg = Release|Any CPU
		{27E1CB93-33E4-4E4A-AD07-97EDE0668DB8}.Release|iPhone.Build.0 = Release|Any CPU
		{27E1CB93-33E4-4E4A-AD07-97EDE0668DB8}.Release|iPhone.Deploy.0 = Release|Any CPU
		{27E1CB93-33E4-4E4A-AD07-97EDE0668DB8}.Release|iPhoneSimulator.ActiveCfg = Release|Any CPU
		{27E1CB93-33E4-4E4A-AD07-97EDE0668DB8}.Release|iPhoneSimulator.Build.0 = Release|Any CPU
		{27E1CB93-33E4-4E4A-AD07-97EDE0668DB8}.Release|iPhoneSimulator.Deploy.0 = Release|Any CPU
		{42E818BF-3461-4D59-AD55-7C137552E435}.Debug|Any CPU.ActiveCfg = Debug|Any CPU
		{42E818BF-3461-4D59-AD55-7C137552E435}.Debug|Any CPU.Build.0 = Debug|Any CPU
		{42E818BF-3461-4D59-AD55-7C137552E435}.Debug|Any CPU.Deploy.0 = Debug|Any CPU
		{42E818BF-3461-4D59-AD55-7C137552E435}.Debug|iPhone.ActiveCfg = Debug|Any CPU
		{42E818BF-3461-4D59-AD55-7C137552E435}.Debug|iPhone.Build.0 = Debug|Any CPU
		{42E818BF-3461-4D59-AD55-7C137552E435}.Debug|iPhone.Deploy.0 = Debug|Any CPU
		{42E818BF-3461-4D59-AD55-7C137552E435}.Debug|iPhoneSimulator.ActiveCfg = Debug|Any CPU
		{42E818BF-3461-4D59-AD55-7C137552E435}.Debug|iPhoneSimulator.Build.0 = Debug|Any CPU
		{42E818BF-3461-4D59-AD55-7C137552E435}.Debug|iPhoneSimulator.Deploy.0 = Debug|Any CPU
		{42E818BF-3461-4D59-AD55-7C137552E435}.Release|Any CPU.ActiveCfg = Release|Any CPU
		{42E818BF-3461-4D59-AD55-7C137552E435}.Release|Any CPU.Build.0 = Release|Any CPU
		{42E818BF-3461-4D59-AD55-7C137552E435}.Release|Any CPU.Deploy.0 = Release|Any CPU
		{42E818BF-3461-4D59-AD55-7C137552E435}.Release|iPhone.ActiveCfg = Release|Any CPU
		{42E818BF-3461-4D59-AD55-7C137552E435}.Release|iPhone.Build.0 = Release|Any CPU
		{42E818BF-3461-4D59-AD55-7C137552E435}.Release|iPhone.Deploy.0 = Release|Any CPU
		{42E818BF-3461-4D59-AD55-7C137552E435}.Release|iPhoneSimulator.ActiveCfg = Release|Any CPU
		{42E818BF-3461-4D59-AD55-7C137552E435}.Release|iPhoneSimulator.Build.0 = Release|Any CPU
		{42E818BF-3461-4D59-AD55-7C137552E435}.Release|iPhoneSimulator.Deploy.0 = Release|Any CPU
	EndGlobalSection
	GlobalSection(SolutionProperties) = preSolution
		HideSolutionNode = FALSE
	EndGlobalSection
	GlobalSection(ExtensibilityGlobals) = postSolution
		SolutionGuid = {245FA8E7-E227-4F52-9C3C-534E6EDD0C62}
	EndGlobalSection
EndGlobal
